
Microsoft Visual Studio Solution File, Format Version 12.00
# Visual Studio Version 17
VisualStudioVersion = 17.5.33424.131
MinimumVisualStudioVersion = 10.0.40219.1
Project("{9A19103F-16F7-4668-BE54-9A1E7A4F7556}") = "TAG8GJ_HFT_2023241.Client", "TAG8GJ_HFT_2023241.Client\TAG8GJ_HFT_2023241.Client.csproj", "{C66EC657-33B0-40E8-A0A1-784F1CCC8022}"
	ProjectSection(ProjectDependencies) = postProject
		{9963884D-B436-4B90-838B-A88BB8AC95A5} = {9963884D-B436-4B90-838B-A88BB8AC95A5}
	EndProjectSection
EndProject
Project("{9A19103F-16F7-4668-BE54-9A1E7A4F7556}") = "TAG8GJ_HFT_2023241.Models", "TAG8GJ_HFT_2023241.Models\TAG8GJ_HFT_2023241.Models.csproj", "{16151B93-313A-44A3-8366-A73EB255798C}"
EndProject
Project("{9A19103F-16F7-4668-BE54-9A1E7A4F7556}") = "TAG8GJ_HFT_2023241.Logic", "TAG8GJ_HFT_2023241.Logic\TAG8GJ_HFT_2023241.Logic.csproj", "{52C18F81-E6FD-49C7-B042-8D38CFFFDF66}"
EndProject
Project("{9A19103F-16F7-4668-BE54-9A1E7A4F7556}") = "TAG8GJ_HFT_2023241.Repository", "TAG8GJ_HFT_2023241.Repository\TAG8GJ_HFT_2023241.Repository.csproj", "{9963884D-B436-4B90-838B-A88BB8AC95A5}"
	ProjectSection(ProjectDependencies) = postProject
		{16151B93-313A-44A3-8366-A73EB255798C} = {16151B93-313A-44A3-8366-A73EB255798C}
	EndProjectSection
EndProject
Project("{9A19103F-16F7-4668-BE54-9A1E7A4F7556}") = "TAG8GJ_HFT_2023241.Endpoint", "TAG8GJ_HFT_2023241.Endpoint\TAG8GJ_HFT_2023241.Endpoint.csproj", "{B84AB9D9-068F-48F3-8929-90ED6EF17914}"
EndProject
Project("{9A19103F-16F7-4668-BE54-9A1E7A4F7556}") = "TAG8GJ_HFT_2023241.Test", "TAG8GJ_HFT_2023241.Test\TAG8GJ_HFT_2023241.Test.csproj", "{2697C5AC-2770-4110-BAA7-6731EBE67224}"
EndProject
Project("{2150E333-8FDC-42A3-9474-1A3956D46DE8}") = "Backend", "Backend", "{09018DA1-EF5F-49D6-8010-5E5384A7F9C9}"
EndProject
Project("{2150E333-8FDC-42A3-9474-1A3956D46DE8}") = "Frontend", "Frontend", "{8DA52AF2-F7B3-45F5-8008-1484896972C0}"
EndProject
Project("{2150E333-8FDC-42A3-9474-1A3956D46DE8}") = "Shared", "Shared", "{48154D35-7987-4B30-AB78-C6436E93D862}"
EndProject
Project("{2150E333-8FDC-42A3-9474-1A3956D46DE8}") = "Others", "Others", "{7D674E42-4DD4-42CC-B5A4-04608FACF09F}"
	ProjectSection(SolutionItems) = preProject
		.gitignore = .gitignore
	EndProjectSection
EndProject
Global
	GlobalSection(SolutionConfigurationPlatforms) = preSolution
		Debug|Any CPU = Debug|Any CPU
		Release|Any CPU = Release|Any CPU
	EndGlobalSection
	GlobalSection(ProjectConfigurationPlatforms) = postSolution
		{C66EC657-33B0-40E8-A0A1-784F1CCC8022}.Debug|Any CPU.ActiveCfg = Debug|Any CPU
		{C66EC657-33B0-40E8-A0A1-784F1CCC8022}.Debug|Any CPU.Build.0 = Debug|Any CPU
		{C66EC657-33B0-40E8-A0A1-784F1CCC8022}.Release|Any CPU.ActiveCfg = Release|Any CPU
		{C66EC657-33B0-40E8-A0A1-784F1CCC8022}.Release|Any CPU.Build.0 = Release|Any CPU
		{16151B93-313A-44A3-8366-A73EB255798C}.Debug|Any CPU.ActiveCfg = Debug|Any CPU
		{16151B93-313A-44A3-8366-A73EB255798C}.Debug|Any CPU.Build.0 = Debug|Any CPU
		{16151B93-313A-44A3-8366-A73EB255798C}.Release|Any CPU.ActiveCfg = Release|Any CPU
		{16151B93-313A-44A3-8366-A73EB255798C}.Release|Any CPU.Build.0 = Release|Any CPU
		{52C18F81-E6FD-49C7-B042-8D38CFFFDF66}.Debug|Any CPU.ActiveCfg = Debug|Any CPU
		{52C18F81-E6FD-49C7-B042-8D38CFFFDF66}.Debug|Any CPU.Build.0 = Debug|Any CPU
		{52C18F81-E6FD-49C7-B042-8D38CFFFDF66}.Release|Any CPU.ActiveCfg = Release|Any CPU
		{52C18F81-E6FD-49C7-B042-8D38CFFFDF66}.Release|Any CPU.Build.0 = Release|Any CPU
		{9963884D-B436-4B90-838B-A88BB8AC95A5}.Debug|Any CPU.ActiveCfg = Debug|Any CPU
		{9963884D-B436-4B90-838B-A88BB8AC95A5}.Debug|Any CPU.Build.0 = Debug|Any CPU
		{9963884D-B436-4B90-838B-A88BB8AC95A5}.Release|Any CPU.ActiveCfg = Release|Any CPU
		{9963884D-B436-4B90-838B-A88BB8AC95A5}.Release|Any CPU.Build.0 = Release|Any CPU
		{B84AB9D9-068F-48F3-8929-90ED6EF17914}.Debug|Any CPU.ActiveCfg = Debug|Any CPU
		{B84AB9D9-068F-48F3-8929-90ED6EF17914}.Debug|Any CPU.Build.0 = Debug|Any CPU
		{B84AB9D9-068F-48F3-8929-90ED6EF17914}.Release|Any CPU.ActiveCfg = Release|Any CPU
		{B84AB9D9-068F-48F3-8929-90ED6EF17914}.Release|Any CPU.Build.0 = Release|Any CPU
		{2697C5AC-2770-4110-BAA7-6731EBE67224}.Debug|Any CPU.ActiveCfg = Debug|Any CPU
		{2697C5AC-2770-4110-BAA7-6731EBE67224}.Debug|Any CPU.Build.0 = Debug|Any CPU
		{2697C5AC-2770-4110-BAA7-6731EBE67224}.Release|Any CPU.ActiveCfg = Release|Any CPU
		{2697C5AC-2770-4110-BAA7-6731EBE67224}.Release|Any CPU.Build.0 = Release|Any CPU
	EndGlobalSection
	GlobalSection(SolutionProperties) = preSolution
		HideSolutionNode = FALSE
	EndGlobalSection
	GlobalSection(NestedProjects) = preSolution
		{C66EC657-33B0-40E8-A0A1-784F1CCC8022} = {8DA52AF2-F7B3-45F5-8008-1484896972C0}
		{16151B93-313A-44A3-8366-A73EB255798C} = {48154D35-7987-4B30-AB78-C6436E93D862}
		{52C18F81-E6FD-49C7-B042-8D38CFFFDF66} = {09018DA1-EF5F-49D6-8010-5E5384A7F9C9}
		{9963884D-B436-4B90-838B-A88BB8AC95A5} = {09018DA1-EF5F-49D6-8010-5E5384A7F9C9}
		{B84AB9D9-068F-48F3-8929-90ED6EF17914} = {09018DA1-EF5F-49D6-8010-5E5384A7F9C9}
		{2697C5AC-2770-4110-BAA7-6731EBE67224} = {09018DA1-EF5F-49D6-8010-5E5384A7F9C9}
	EndGlobalSection
	GlobalSection(ExtensibilityGlobals) = postSolution
		SolutionGuid = {7B19CBC2-E606-4BA7-B035-AA2B1214F662}
	EndGlobalSection
EndGlobal
